
Microsoft Visual Studio Solution File, Format Version 12.00
# Visual Studio Version 17
VisualStudioVersion = 17.7.34031.279
MinimumVisualStudioVersion = 10.0.40219.1
Project("{FAE04EC0-301F-11D3-BF4B-00C04F79EFBC}") = "ApiProcessoSeletivo", "ApiProcessoSeletivo\ApiProcessoSeletivo.csproj", "{92B21A03-7144-4DAE-9192-D8B16B174058}"
EndProject
Global
	GlobalSection(SolutionConfigurationPlatforms) = preSolution
		Debug|Any CPU = Debug|Any CPU
		Release|Any CPU = Release|Any CPU
	EndGlobalSection
	GlobalSection(ProjectConfigurationPlatforms) = postSolution
		{92B21A03-7144-4DAE-9192-D8B16B174058}.Debug|Any CPU.ActiveCfg = Debug|Any CPU
		{92B21A03-7144-4DAE-9192-D8B16B174058}.Debug|Any CPU.Build.0 = Debug|Any CPU
		{92B21A03-7144-4DAE-9192-D8B16B174058}.Release|Any CPU.ActiveCfg = Release|Any CPU
		{92B21A03-7144-4DAE-9192-D8B16B174058}.Release|Any CPU.Build.0 = Release|Any CPU
	EndGlobalSection
	GlobalSection(SolutionProperties) = preSolution
		HideSolutionNode = FALSE
	EndGlobalSection
	GlobalSection(ExtensibilityGlobals) = postSolution
		SolutionGuid = {4E529FB1-0695-4A01-99D7-92A1F2BA43F3}
	EndGlobalSection
EndGlobal
